
Microsoft Visual Studio Solution File, Format Version 12.00
# Visual Studio 2012
Project("{FAE04EC0-301F-11D3-BF4B-00C04F79EFBC}") = "PartialApp.iOS", "PartialApp.iOS\PartialApp.iOS.csproj", "{2D30A908-BD16-4272-A5E7-BDA7F664D344}"
EndProject
Project("{D954291E-2A0B-460D-934E-DC6B0785DB48}") = "PartialApp.Shared", "PartialApp.Shared\PartialApp.Shared.shproj", "{0B8E297E-503C-4DB0-BC4F-C50CF117F605}"
EndProject
Project("{FAE04EC0-301F-11D3-BF4B-00C04F79EFBC}") = "PartialApp.Droid", "PartialApp.Droid\PartialApp.Droid.csproj", "{3BA3021D-32CB-4B94-AE9B-6EC80C4E3A52}"
EndProject
Global
	GlobalSection(SolutionConfigurationPlatforms) = preSolution
		Debug|iPhoneSimulator = Debug|iPhoneSimulator
		Release|iPhoneSimulator = Release|iPhoneSimulator
		Debug|iPhone = Debug|iPhone
		Release|iPhone = Release|iPhone
		Ad-Hoc|iPhone = Ad-Hoc|iPhone
		AppStore|iPhone = AppStore|iPhone
	EndGlobalSection
	GlobalSection(ProjectConfigurationPlatforms) = postSolution
		{2D30A908-BD16-4272-A5E7-BDA7F664D344}.Ad-Hoc|iPhone.ActiveCfg = Ad-Hoc|iPhone
		{2D30A908-BD16-4272-A5E7-BDA7F664D344}.Ad-Hoc|iPhone.Build.0 = Ad-Hoc|iPhone
		{2D30A908-BD16-4272-A5E7-BDA7F664D344}.AppStore|iPhone.ActiveCfg = AppStore|iPhone
		{2D30A908-BD16-4272-A5E7-BDA7F664D344}.AppStore|iPhone.Build.0 = AppStore|iPhone
		{2D30A908-BD16-4272-A5E7-BDA7F664D344}.Debug|iPhone.ActiveCfg = Debug|iPhone
		{2D30A908-BD16-4272-A5E7-BDA7F664D344}.Debug|iPhone.Build.0 = Debug|iPhone
		{2D30A908-BD16-4272-A5E7-BDA7F664D344}.Debug|iPhoneSimulator.ActiveCfg = Debug|iPhoneSimulator
		{2D30A908-BD16-4272-A5E7-BDA7F664D344}.Debug|iPhoneSimulator.Build.0 = Debug|iPhoneSimulator
		{2D30A908-BD16-4272-A5E7-BDA7F664D344}.Release|iPhone.ActiveCfg = Release|iPhone
		{2D30A908-BD16-4272-A5E7-BDA7F664D344}.Release|iPhone.Build.0 = Release|iPhone
		{2D30A908-BD16-4272-A5E7-BDA7F664D344}.Release|iPhoneSimulator.ActiveCfg = Release|iPhoneSimulator
		{2D30A908-BD16-4272-A5E7-BDA7F664D344}.Release|iPhoneSimulator.Build.0 = Release|iPhoneSimulator
		{3BA3021D-32CB-4B94-AE9B-6EC80C4E3A52}.Ad-Hoc|iPhone.ActiveCfg = Release|Any CPU
		{3BA3021D-32CB-4B94-AE9B-6EC80C4E3A52}.Ad-Hoc|iPhone.Build.0 = Release|Any CPU
		{3BA3021D-32CB-4B94-AE9B-6EC80C4E3A52}.AppStore|iPhone.ActiveCfg = Release|Any CPU
		{3BA3021D-32CB-4B94-AE9B-6EC80C4E3A52}.AppStore|iPhone.Build.0 = Release|Any CPU
		{3BA3021D-32CB-4B94-AE9B-6EC80C4E3A52}.Debug|iPhone.ActiveCfg = Debug|Any CPU
		{3BA3021D-32CB-4B94-AE9B-6EC80C4E3A52}.Debug|iPhone.Build.0 = Debug|Any CPU
		{3BA3021D-32CB-4B94-AE9B-6EC80C4E3A52}.Debug|iPhoneSimulator.ActiveCfg = Debug|Any CPU
		{3BA3021D-32CB-4B94-AE9B-6EC80C4E3A52}.Debug|iPhoneSimulator.Build.0 = Debug|Any CPU
		{3BA3021D-32CB-4B94-AE9B-6EC80C4E3A52}.Release|iPhone.ActiveCfg = Release|Any CPU
		{3BA3021D-32CB-4B94-AE9B-6EC80C4E3A52}.Release|iPhone.Build.0 = Release|Any CPU
		{3BA3021D-32CB-4B94-AE9B-6EC80C4E3A52}.Release|iPhoneSimulator.ActiveCfg = Release|Any CPU
		{3BA3021D-32CB-4B94-AE9B-6EC80C4E3A52}.Release|iPhoneSimulator.Build.0 = Release|Any CPU
	EndGlobalSection
	GlobalSection(MonoDevelopProperties) = preSolution
		StartupItem = PartialApp.Droid\PartialApp.Droid.csproj
	EndGlobalSection
EndGlobal
