
Microsoft Visual Studio Solution File, Format Version 12.00
# Visual Studio 2012
VisualStudioVersion = 12.0.30723.0
MinimumVisualStudioVersion = 10.0.40219.1
Project("{FAE04EC0-301F-11D3-BF4B-00C04F79EFBC}") = "XPlatform.Core", "XPlatform.Core\XPlatform.Core.csproj", "{7B7D6EE7-6B17-4055-A9FF-BFB9A758780C}"
EndProject
Project("{2150E333-8FDC-42A3-9474-1A3956D46DE8}") = "Targets", "Targets", "{B794CC5C-DC92-4FFE-89DD-1DFEBBBC435B}"
EndProject
Project("{FAE04EC0-301F-11D3-BF4B-00C04F79EFBC}") = "XPlatform.Droid", "XPlatform.Droid\XPlatform.Droid.csproj", "{DCF1D89A-B95A-4BBD-AEA7-A1D5EE0BEB15}"
EndProject
Project("{FAE04EC0-301F-11D3-BF4B-00C04F79EFBC}") = "XPlatform.iOS", "XPlatform.iOS\XPlatform.iOS.csproj", "{00E97DC9-60A9-4F86-A5AC-EF70B2501EA3}"
EndProject
Project("{2150E333-8FDC-42A3-9474-1A3956D46DE8}") = "Tests", "Tests", "{DE4E847F-5202-4ECE-9986-ED7E8406A0FF}"
EndProject
Project("{FAE04EC0-301F-11D3-BF4B-00C04F79EFBC}") = "XPlatform.UITest", "XPlatform.UITest\XPlatform.UITest.csproj", "{C0A60EE1-F5D2-45B6-B50A-0007AD7CE525}"
EndProject
Global
	GlobalSection(SolutionConfigurationPlatforms) = preSolution
		Ad-Hoc|Any CPU = Ad-Hoc|Any CPU
		Ad-Hoc|ARM = Ad-Hoc|ARM
		Ad-Hoc|iPhone = Ad-Hoc|iPhone
		Ad-Hoc|iPhoneSimulator = Ad-Hoc|iPhoneSimulator
		Ad-Hoc|Mixed Platforms = Ad-Hoc|Mixed Platforms
		Ad-Hoc|x86 = Ad-Hoc|x86
		AppStore|Any CPU = AppStore|Any CPU
		AppStore|ARM = AppStore|ARM
		AppStore|iPhone = AppStore|iPhone
		AppStore|iPhoneSimulator = AppStore|iPhoneSimulator
		AppStore|Mixed Platforms = AppStore|Mixed Platforms
		AppStore|x86 = AppStore|x86
		Debug|Any CPU = Debug|Any CPU
		Debug|ARM = Debug|ARM
		Debug|iPhone = Debug|iPhone
		Debug|iPhoneSimulator = Debug|iPhoneSimulator
		Debug|Mixed Platforms = Debug|Mixed Platforms
		Debug|x86 = Debug|x86
		Release|Any CPU = Release|Any CPU
		Release|ARM = Release|ARM
		Release|iPhone = Release|iPhone
		Release|iPhoneSimulator = Release|iPhoneSimulator
		Release|Mixed Platforms = Release|Mixed Platforms
		Release|x86 = Release|x86
	EndGlobalSection
	GlobalSection(ProjectConfigurationPlatforms) = postSolution
		{00E97DC9-60A9-4F86-A5AC-EF70B2501EA3}.Ad-Hoc|Any CPU.ActiveCfg = Ad-Hoc|iPhoneSimulator
		{00E97DC9-60A9-4F86-A5AC-EF70B2501EA3}.Ad-Hoc|ARM.ActiveCfg = Ad-Hoc|iPhoneSimulator
		{00E97DC9-60A9-4F86-A5AC-EF70B2501EA3}.Ad-Hoc|iPhone.ActiveCfg = Ad-Hoc|iPhone
		{00E97DC9-60A9-4F86-A5AC-EF70B2501EA3}.Ad-Hoc|iPhone.Build.0 = Ad-Hoc|iPhone
		{00E97DC9-60A9-4F86-A5AC-EF70B2501EA3}.Ad-Hoc|iPhoneSimulator.ActiveCfg = Ad-Hoc|iPhoneSimulator
		{00E97DC9-60A9-4F86-A5AC-EF70B2501EA3}.Ad-Hoc|iPhoneSimulator.Build.0 = Ad-Hoc|iPhoneSimulator
		{00E97DC9-60A9-4F86-A5AC-EF70B2501EA3}.Ad-Hoc|iPhoneSimulator.Deploy.0 = Ad-Hoc|iPhoneSimulator
		{00E97DC9-60A9-4F86-A5AC-EF70B2501EA3}.Ad-Hoc|Mixed Platforms.ActiveCfg = Ad-Hoc|iPhoneSimulator
		{00E97DC9-60A9-4F86-A5AC-EF70B2501EA3}.Ad-Hoc|Mixed Platforms.Build.0 = Ad-Hoc|iPhoneSimulator
		{00E97DC9-60A9-4F86-A5AC-EF70B2501EA3}.Ad-Hoc|Mixed Platforms.Deploy.0 = Ad-Hoc|iPhoneSimulator
		{00E97DC9-60A9-4F86-A5AC-EF70B2501EA3}.Ad-Hoc|x86.ActiveCfg = Ad-Hoc|iPhoneSimulator
		{00E97DC9-60A9-4F86-A5AC-EF70B2501EA3}.AppStore|Any CPU.ActiveCfg = AppStore|iPhoneSimulator
		{00E97DC9-60A9-4F86-A5AC-EF70B2501EA3}.AppStore|ARM.ActiveCfg = AppStore|iPhoneSimulator
		{00E97DC9-60A9-4F86-A5AC-EF70B2501EA3}.AppStore|iPhone.ActiveCfg = AppStore|iPhone
		{00E97DC9-60A9-4F86-A5AC-EF70B2501EA3}.AppStore|iPhone.Build.0 = AppStore|iPhone
		{00E97DC9-60A9-4F86-A5AC-EF70B2501EA3}.AppStore|iPhoneSimulator.ActiveCfg = AppStore|iPhoneSimulator
		{00E97DC9-60A9-4F86-A5AC-EF70B2501EA3}.AppStore|iPhoneSimulator.Build.0 = AppStore|iPhoneSimulator
		{00E97DC9-60A9-4F86-A5AC-EF70B2501EA3}.AppStore|iPhoneSimulator.Deploy.0 = AppStore|iPhoneSimulator
		{00E97DC9-60A9-4F86-A5AC-EF70B2501EA3}.AppStore|Mixed Platforms.ActiveCfg = AppStore|iPhoneSimulator
		{00E97DC9-60A9-4F86-A5AC-EF70B2501EA3}.AppStore|Mixed Platforms.Build.0 = AppStore|iPhoneSimulator
		{00E97DC9-60A9-4F86-A5AC-EF70B2501EA3}.AppStore|Mixed Platforms.Deploy.0 = AppStore|iPhoneSimulator
		{00E97DC9-60A9-4F86-A5AC-EF70B2501EA3}.AppStore|x86.ActiveCfg = AppStore|iPhoneSimulator
		{00E97DC9-60A9-4F86-A5AC-EF70B2501EA3}.Debug|Any CPU.ActiveCfg = Debug|iPhoneSimulator
		{00E97DC9-60A9-4F86-A5AC-EF70B2501EA3}.Debug|Any CPU.Build.0 = Debug|iPhoneSimulator
		{00E97DC9-60A9-4F86-A5AC-EF70B2501EA3}.Debug|ARM.ActiveCfg = Debug|iPhoneSimulator
		{00E97DC9-60A9-4F86-A5AC-EF70B2501EA3}.Debug|ARM.Build.0 = Debug|iPhoneSimulator
		{00E97DC9-60A9-4F86-A5AC-EF70B2501EA3}.Debug|iPhone.ActiveCfg = Debug|iPhone
		{00E97DC9-60A9-4F86-A5AC-EF70B2501EA3}.Debug|iPhone.Build.0 = Debug|iPhone
		{00E97DC9-60A9-4F86-A5AC-EF70B2501EA3}.Debug|iPhoneSimulator.ActiveCfg = Debug|iPhoneSimulator
		{00E97DC9-60A9-4F86-A5AC-EF70B2501EA3}.Debug|iPhoneSimulator.Build.0 = Debug|iPhoneSimulator
		{00E97DC9-60A9-4F86-A5AC-EF70B2501EA3}.Debug|Mixed Platforms.ActiveCfg = Debug|iPhoneSimulator
		{00E97DC9-60A9-4F86-A5AC-EF70B2501EA3}.Debug|Mixed Platforms.Build.0 = Debug|iPhoneSimulator
		{00E97DC9-60A9-4F86-A5AC-EF70B2501EA3}.Debug|x86.ActiveCfg = Debug|iPhoneSimulator
		{00E97DC9-60A9-4F86-A5AC-EF70B2501EA3}.Debug|x86.Build.0 = Debug|iPhoneSimulator
		{00E97DC9-60A9-4F86-A5AC-EF70B2501EA3}.Release|Any CPU.ActiveCfg = Release|iPhoneSimulator
		{00E97DC9-60A9-4F86-A5AC-EF70B2501EA3}.Release|Any CPU.Build.0 = Release|iPhoneSimulator
		{00E97DC9-60A9-4F86-A5AC-EF70B2501EA3}.Release|ARM.ActiveCfg = Release|iPhoneSimulator
		{00E97DC9-60A9-4F86-A5AC-EF70B2501EA3}.Release|ARM.Build.0 = Release|iPhoneSimulator
		{00E97DC9-60A9-4F86-A5AC-EF70B2501EA3}.Release|iPhone.ActiveCfg = Release|iPhone
		{00E97DC9-60A9-4F86-A5AC-EF70B2501EA3}.Release|iPhone.Build.0 = Release|iPhone
		{00E97DC9-60A9-4F86-A5AC-EF70B2501EA3}.Release|iPhoneSimulator.ActiveCfg = Release|iPhoneSimulator
		{00E97DC9-60A9-4F86-A5AC-EF70B2501EA3}.Release|iPhoneSimulator.Build.0 = Release|iPhoneSimulator
		{00E97DC9-60A9-4F86-A5AC-EF70B2501EA3}.Release|Mixed Platforms.ActiveCfg = Release|iPhoneSimulator
		{00E97DC9-60A9-4F86-A5AC-EF70B2501EA3}.Release|Mixed Platforms.Build.0 = Release|iPhoneSimulator
		{00E97DC9-60A9-4F86-A5AC-EF70B2501EA3}.Release|x86.ActiveCfg = Release|iPhoneSimulator
		{00E97DC9-60A9-4F86-A5AC-EF70B2501EA3}.Release|x86.Build.0 = Release|iPhoneSimulator
		{7B7D6EE7-6B17-4055-A9FF-BFB9A758780C}.Ad-Hoc|Any CPU.ActiveCfg = Release|Any CPU
		{7B7D6EE7-6B17-4055-A9FF-BFB9A758780C}.Ad-Hoc|Any CPU.Build.0 = Release|Any CPU
		{7B7D6EE7-6B17-4055-A9FF-BFB9A758780C}.Ad-Hoc|ARM.ActiveCfg = Release|Any CPU
		{7B7D6EE7-6B17-4055-A9FF-BFB9A758780C}.Ad-Hoc|iPhone.ActiveCfg = Debug|Any CPU
		{7B7D6EE7-6B17-4055-A9FF-BFB9A758780C}.Ad-Hoc|iPhone.Build.0 = Debug|Any CPU
		{7B7D6EE7-6B17-4055-A9FF-BFB9A758780C}.Ad-Hoc|iPhoneSimulator.ActiveCfg = Release|Any CPU
		{7B7D6EE7-6B17-4055-A9FF-BFB9A758780C}.Ad-Hoc|Mixed Platforms.ActiveCfg = Release|Any CPU
		{7B7D6EE7-6B17-4055-A9FF-BFB9A758780C}.Ad-Hoc|Mixed Platforms.Build.0 = Release|Any CPU
		{7B7D6EE7-6B17-4055-A9FF-BFB9A758780C}.Ad-Hoc|x86.ActiveCfg = Release|Any CPU
		{7B7D6EE7-6B17-4055-A9FF-BFB9A758780C}.AppStore|Any CPU.ActiveCfg = Release|Any CPU
		{7B7D6EE7-6B17-4055-A9FF-BFB9A758780C}.AppStore|Any CPU.Build.0 = Release|Any CPU
		{7B7D6EE7-6B17-4055-A9FF-BFB9A758780C}.AppStore|ARM.ActiveCfg = Release|Any CPU
		{7B7D6EE7-6B17-4055-A9FF-BFB9A758780C}.AppStore|iPhone.ActiveCfg = Debug|Any CPU
		{7B7D6EE7-6B17-4055-A9FF-BFB9A758780C}.AppStore|iPhone.Build.0 = Debug|Any CPU
		{7B7D6EE7-6B17-4055-A9FF-BFB9A758780C}.AppStore|iPhoneSimulator.ActiveCfg = Release|Any CPU
		{7B7D6EE7-6B17-4055-A9FF-BFB9A758780C}.AppStore|Mixed Platforms.ActiveCfg = Release|Any CPU
		{7B7D6EE7-6B17-4055-A9FF-BFB9A758780C}.AppStore|Mixed Platforms.Build.0 = Release|Any CPU
		{7B7D6EE7-6B17-4055-A9FF-BFB9A758780C}.AppStore|x86.ActiveCfg = Release|Any CPU
		{7B7D6EE7-6B17-4055-A9FF-BFB9A758780C}.Debug|Any CPU.ActiveCfg = Debug|Any CPU
		{7B7D6EE7-6B17-4055-A9FF-BFB9A758780C}.Debug|Any CPU.Build.0 = Debug|Any CPU
		{7B7D6EE7-6B17-4055-A9FF-BFB9A758780C}.Debug|ARM.ActiveCfg = Debug|Any CPU
		{7B7D6EE7-6B17-4055-A9FF-BFB9A758780C}.Debug|iPhone.ActiveCfg = Debug|Any CPU
		{7B7D6EE7-6B17-4055-A9FF-BFB9A758780C}.Debug|iPhone.Build.0 = Debug|Any CPU
		{7B7D6EE7-6B17-4055-A9FF-BFB9A758780C}.Debug|iPhoneSimulator.ActiveCfg = Debug|Any CPU
		{7B7D6EE7-6B17-4055-A9FF-BFB9A758780C}.Debug|iPhoneSimulator.Build.0 = Debug|Any CPU
		{7B7D6EE7-6B17-4055-A9FF-BFB9A758780C}.Debug|Mixed Platforms.ActiveCfg = Debug|Any CPU
		{7B7D6EE7-6B17-4055-A9FF-BFB9A758780C}.Debug|Mixed Platforms.Build.0 = Debug|Any CPU
		{7B7D6EE7-6B17-4055-A9FF-BFB9A758780C}.Debug|x86.ActiveCfg = Debug|Any CPU
		{7B7D6EE7-6B17-4055-A9FF-BFB9A758780C}.Debug|x86.Build.0 = Debug|Any CPU
		{7B7D6EE7-6B17-4055-A9FF-BFB9A758780C}.Release|Any CPU.ActiveCfg = Release|Any CPU
		{7B7D6EE7-6B17-4055-A9FF-BFB9A758780C}.Release|Any CPU.Build.0 = Release|Any CPU
		{7B7D6EE7-6B17-4055-A9FF-BFB9A758780C}.Release|ARM.ActiveCfg = Release|Any CPU
		{7B7D6EE7-6B17-4055-A9FF-BFB9A758780C}.Release|iPhone.ActiveCfg = Release|Any CPU
		{7B7D6EE7-6B17-4055-A9FF-BFB9A758780C}.Release|iPhone.Build.0 = Release|Any CPU
		{7B7D6EE7-6B17-4055-A9FF-BFB9A758780C}.Release|iPhoneSimulator.ActiveCfg = Release|Any CPU
		{7B7D6EE7-6B17-4055-A9FF-BFB9A758780C}.Release|iPhoneSimulator.Build.0 = Release|Any CPU
		{7B7D6EE7-6B17-4055-A9FF-BFB9A758780C}.Release|Mixed Platforms.ActiveCfg = Release|Any CPU
		{7B7D6EE7-6B17-4055-A9FF-BFB9A758780C}.Release|Mixed Platforms.Build.0 = Release|Any CPU
		{7B7D6EE7-6B17-4055-A9FF-BFB9A758780C}.Release|x86.ActiveCfg = Release|Any CPU
		{C0A60EE1-F5D2-45B6-B50A-0007AD7CE525}.Ad-Hoc|Any CPU.ActiveCfg = Release|Any CPU
		{C0A60EE1-F5D2-45B6-B50A-0007AD7CE525}.Ad-Hoc|Any CPU.Build.0 = Release|Any CPU
		{C0A60EE1-F5D2-45B6-B50A-0007AD7CE525}.Ad-Hoc|ARM.ActiveCfg = Release|Any CPU
		{C0A60EE1-F5D2-45B6-B50A-0007AD7CE525}.Ad-Hoc|ARM.Build.0 = Release|Any CPU
		{C0A60EE1-F5D2-45B6-B50A-0007AD7CE525}.Ad-Hoc|iPhone.ActiveCfg = Release|Any CPU
		{C0A60EE1-F5D2-45B6-B50A-0007AD7CE525}.Ad-Hoc|iPhone.Build.0 = Release|Any CPU
		{C0A60EE1-F5D2-45B6-B50A-0007AD7CE525}.Ad-Hoc|iPhoneSimulator.ActiveCfg = Release|Any CPU
		{C0A60EE1-F5D2-45B6-B50A-0007AD7CE525}.Ad-Hoc|iPhoneSimulator.Build.0 = Release|Any CPU
		{C0A60EE1-F5D2-45B6-B50A-0007AD7CE525}.Ad-Hoc|Mixed Platforms.ActiveCfg = Release|Any CPU
		{C0A60EE1-F5D2-45B6-B50A-0007AD7CE525}.Ad-Hoc|Mixed Platforms.Build.0 = Release|Any CPU
		{C0A60EE1-F5D2-45B6-B50A-0007AD7CE525}.Ad-Hoc|x86.ActiveCfg = Release|Any CPU
		{C0A60EE1-F5D2-45B6-B50A-0007AD7CE525}.Ad-Hoc|x86.Build.0 = Release|Any CPU
		{C0A60EE1-F5D2-45B6-B50A-0007AD7CE525}.AppStore|Any CPU.ActiveCfg = Release|Any CPU
		{C0A60EE1-F5D2-45B6-B50A-0007AD7CE525}.AppStore|Any CPU.Build.0 = Release|Any CPU
		{C0A60EE1-F5D2-45B6-B50A-0007AD7CE525}.AppStore|ARM.ActiveCfg = Release|Any CPU
		{C0A60EE1-F5D2-45B6-B50A-0007AD7CE525}.AppStore|ARM.Build.0 = Release|Any CPU
		{C0A60EE1-F5D2-45B6-B50A-0007AD7CE525}.AppStore|iPhone.ActiveCfg = Release|Any CPU
		{C0A60EE1-F5D2-45B6-B50A-0007AD7CE525}.AppStore|iPhone.Build.0 = Release|Any CPU
		{C0A60EE1-F5D2-45B6-B50A-0007AD7CE525}.AppStore|iPhoneSimulator.ActiveCfg = Release|Any CPU
		{C0A60EE1-F5D2-45B6-B50A-0007AD7CE525}.AppStore|iPhoneSimulator.Build.0 = Release|Any CPU
		{C0A60EE1-F5D2-45B6-B50A-0007AD7CE525}.AppStore|Mixed Platforms.ActiveCfg = Release|Any CPU
		{C0A60EE1-F5D2-45B6-B50A-0007AD7CE525}.AppStore|Mixed Platforms.Build.0 = Release|Any CPU
		{C0A60EE1-F5D2-45B6-B50A-0007AD7CE525}.AppStore|x86.ActiveCfg = Release|Any CPU
		{C0A60EE1-F5D2-45B6-B50A-0007AD7CE525}.AppStore|x86.Build.0 = Release|Any CPU
		{C0A60EE1-F5D2-45B6-B50A-0007AD7CE525}.Debug|Any CPU.ActiveCfg = Debug|Any CPU
		{C0A60EE1-F5D2-45B6-B50A-0007AD7CE525}.Debug|Any CPU.Build.0 = Debug|Any CPU
		{C0A60EE1-F5D2-45B6-B50A-0007AD7CE525}.Debug|ARM.ActiveCfg = Debug|Any CPU
		{C0A60EE1-F5D2-45B6-B50A-0007AD7CE525}.Debug|ARM.Build.0 = Debug|Any CPU
		{C0A60EE1-F5D2-45B6-B50A-0007AD7CE525}.Debug|iPhone.ActiveCfg = Debug|Any CPU
		{C0A60EE1-F5D2-45B6-B50A-0007AD7CE525}.Debug|iPhone.Build.0 = Debug|Any CPU
		{C0A60EE1-F5D2-45B6-B50A-0007AD7CE525}.Debug|iPhoneSimulator.ActiveCfg = Debug|Any CPU
		{C0A60EE1-F5D2-45B6-B50A-0007AD7CE525}.Debug|iPhoneSimulator.Build.0 = Debug|Any CPU
		{C0A60EE1-F5D2-45B6-B50A-0007AD7CE525}.Debug|Mixed Platforms.ActiveCfg = Debug|Any CPU
		{C0A60EE1-F5D2-45B6-B50A-0007AD7CE525}.Debug|Mixed Platforms.Build.0 = Debug|Any CPU
		{C0A60EE1-F5D2-45B6-B50A-0007AD7CE525}.Debug|x86.ActiveCfg = Debug|Any CPU
		{C0A60EE1-F5D2-45B6-B50A-0007AD7CE525}.Debug|x86.Build.0 = Debug|Any CPU
		{C0A60EE1-F5D2-45B6-B50A-0007AD7CE525}.Release|Any CPU.ActiveCfg = Release|Any CPU
		{C0A60EE1-F5D2-45B6-B50A-0007AD7CE525}.Release|Any CPU.Build.0 = Release|Any CPU
		{C0A60EE1-F5D2-45B6-B50A-0007AD7CE525}.Release|ARM.ActiveCfg = Release|Any CPU
		{C0A60EE1-F5D2-45B6-B50A-0007AD7CE525}.Release|ARM.Build.0 = Release|Any CPU
		{C0A60EE1-F5D2-45B6-B50A-0007AD7CE525}.Release|iPhone.ActiveCfg = Release|Any CPU
		{C0A60EE1-F5D2-45B6-B50A-0007AD7CE525}.Release|iPhone.Build.0 = Release|Any CPU
		{C0A60EE1-F5D2-45B6-B50A-0007AD7CE525}.Release|iPhoneSimulator.ActiveCfg = Release|Any CPU
		{C0A60EE1-F5D2-45B6-B50A-0007AD7CE525}.Release|iPhoneSimulator.Build.0 = Release|Any CPU
		{C0A60EE1-F5D2-45B6-B50A-0007AD7CE525}.Release|Mixed Platforms.ActiveCfg = Release|Any CPU
		{C0A60EE1-F5D2-45B6-B50A-0007AD7CE525}.Release|Mixed Platforms.Build.0 = Release|Any CPU
		{C0A60EE1-F5D2-45B6-B50A-0007AD7CE525}.Release|x86.ActiveCfg = Release|Any CPU
		{C0A60EE1-F5D2-45B6-B50A-0007AD7CE525}.Release|x86.Build.0 = Release|Any CPU
		{DCF1D89A-B95A-4BBD-AEA7-A1D5EE0BEB15}.Ad-Hoc|Any CPU.ActiveCfg = Release|Any CPU
		{DCF1D89A-B95A-4BBD-AEA7-A1D5EE0BEB15}.Ad-Hoc|Any CPU.Build.0 = Release|Any CPU
		{DCF1D89A-B95A-4BBD-AEA7-A1D5EE0BEB15}.Ad-Hoc|Any CPU.Deploy.0 = Release|Any CPU
		{DCF1D89A-B95A-4BBD-AEA7-A1D5EE0BEB15}.Ad-Hoc|ARM.ActiveCfg = Release|Any CPU
		{DCF1D89A-B95A-4BBD-AEA7-A1D5EE0BEB15}.Ad-Hoc|iPhone.ActiveCfg = Debug|Any CPU
		{DCF1D89A-B95A-4BBD-AEA7-A1D5EE0BEB15}.Ad-Hoc|iPhone.Build.0 = Debug|Any CPU
		{DCF1D89A-B95A-4BBD-AEA7-A1D5EE0BEB15}.Ad-Hoc|iPhoneSimulator.ActiveCfg = Release|Any CPU
		{DCF1D89A-B95A-4BBD-AEA7-A1D5EE0BEB15}.Ad-Hoc|Mixed Platforms.ActiveCfg = Release|Any CPU
		{DCF1D89A-B95A-4BBD-AEA7-A1D5EE0BEB15}.Ad-Hoc|Mixed Platforms.Build.0 = Release|Any CPU
		{DCF1D89A-B95A-4BBD-AEA7-A1D5EE0BEB15}.Ad-Hoc|Mixed Platforms.Deploy.0 = Release|Any CPU
		{DCF1D89A-B95A-4BBD-AEA7-A1D5EE0BEB15}.Ad-Hoc|x86.ActiveCfg = Release|Any CPU
		{DCF1D89A-B95A-4BBD-AEA7-A1D5EE0BEB15}.AppStore|Any CPU.ActiveCfg = Release|Any CPU
		{DCF1D89A-B95A-4BBD-AEA7-A1D5EE0BEB15}.AppStore|Any CPU.Build.0 = Release|Any CPU
		{DCF1D89A-B95A-4BBD-AEA7-A1D5EE0BEB15}.AppStore|Any CPU.Deploy.0 = Release|Any CPU
		{DCF1D89A-B95A-4BBD-AEA7-A1D5EE0BEB15}.AppStore|ARM.ActiveCfg = Release|Any CPU
		{DCF1D89A-B95A-4BBD-AEA7-A1D5EE0BEB15}.AppStore|iPhone.ActiveCfg = Debug|Any CPU
		{DCF1D89A-B95A-4BBD-AEA7-A1D5EE0BEB15}.AppStore|iPhone.Build.0 = Debug|Any CPU
		{DCF1D89A-B95A-4BBD-AEA7-A1D5EE0BEB15}.AppStore|iPhoneSimulator.ActiveCfg = Release|Any CPU
		{DCF1D89A-B95A-4BBD-AEA7-A1D5EE0BEB15}.AppStore|Mixed Platforms.ActiveCfg = Release|Any CPU
		{DCF1D89A-B95A-4BBD-AEA7-A1D5EE0BEB15}.AppStore|Mixed Platforms.Build.0 = Release|Any CPU
		{DCF1D89A-B95A-4BBD-AEA7-A1D5EE0BEB15}.AppStore|Mixed Platforms.Deploy.0 = Release|Any CPU
		{DCF1D89A-B95A-4BBD-AEA7-A1D5EE0BEB15}.AppStore|x86.ActiveCfg = Release|Any CPU
		{DCF1D89A-B95A-4BBD-AEA7-A1D5EE0BEB15}.Debug|Any CPU.ActiveCfg = Debug|Any CPU
		{DCF1D89A-B95A-4BBD-AEA7-A1D5EE0BEB15}.Debug|Any CPU.Build.0 = Debug|Any CPU
		{DCF1D89A-B95A-4BBD-AEA7-A1D5EE0BEB15}.Debug|ARM.ActiveCfg = Debug|Any CPU
		{DCF1D89A-B95A-4BBD-AEA7-A1D5EE0BEB15}.Debug|ARM.Build.0 = Debug|Any CPU
		{DCF1D89A-B95A-4BBD-AEA7-A1D5EE0BEB15}.Debug|iPhone.ActiveCfg = Debug|Any CPU
		{DCF1D89A-B95A-4BBD-AEA7-A1D5EE0BEB15}.Debug|iPhone.Build.0 = Debug|Any CPU
		{DCF1D89A-B95A-4BBD-AEA7-A1D5EE0BEB15}.Debug|iPhoneSimulator.ActiveCfg = Debug|Any CPU
		{DCF1D89A-B95A-4BBD-AEA7-A1D5EE0BEB15}.Debug|iPhoneSimulator.Build.0 = Debug|Any CPU
		{DCF1D89A-B95A-4BBD-AEA7-A1D5EE0BEB15}.Debug|Mixed Platforms.ActiveCfg = Debug|Any CPU
		{DCF1D89A-B95A-4BBD-AEA7-A1D5EE0BEB15}.Debug|Mixed Platforms.Build.0 = Debug|Any CPU
		{DCF1D89A-B95A-4BBD-AEA7-A1D5EE0BEB15}.Debug|x86.ActiveCfg = Debug|Any CPU
		{DCF1D89A-B95A-4BBD-AEA7-A1D5EE0BEB15}.Debug|x86.Build.0 = Debug|Any CPU
		{DCF1D89A-B95A-4BBD-AEA7-A1D5EE0BEB15}.Release|Any CPU.ActiveCfg = Release|Any CPU
		{DCF1D89A-B95A-4BBD-AEA7-A1D5EE0BEB15}.Release|Any CPU.Build.0 = Release|Any CPU
		{DCF1D89A-B95A-4BBD-AEA7-A1D5EE0BEB15}.Release|ARM.ActiveCfg = Release|Any CPU
		{DCF1D89A-B95A-4BBD-AEA7-A1D5EE0BEB15}.Release|ARM.Build.0 = Release|Any CPU
		{DCF1D89A-B95A-4BBD-AEA7-A1D5EE0BEB15}.Release|iPhone.ActiveCfg = Release|Any CPU
		{DCF1D89A-B95A-4BBD-AEA7-A1D5EE0BEB15}.Release|iPhone.Build.0 = Release|Any CPU
		{DCF1D89A-B95A-4BBD-AEA7-A1D5EE0BEB15}.Release|iPhoneSimulator.ActiveCfg = Release|Any CPU
		{DCF1D89A-B95A-4BBD-AEA7-A1D5EE0BEB15}.Release|iPhoneSimulator.Build.0 = Release|Any CPU
		{DCF1D89A-B95A-4BBD-AEA7-A1D5EE0BEB15}.Release|Mixed Platforms.ActiveCfg = Release|Any CPU
		{DCF1D89A-B95A-4BBD-AEA7-A1D5EE0BEB15}.Release|Mixed Platforms.Build.0 = Release|Any CPU
		{DCF1D89A-B95A-4BBD-AEA7-A1D5EE0BEB15}.Release|x86.ActiveCfg = Release|Any CPU
		{DCF1D89A-B95A-4BBD-AEA7-A1D5EE0BEB15}.Release|x86.Build.0 = Release|Any CPU
	EndGlobalSection
	GlobalSection(NestedProjects) = preSolution
		{DCF1D89A-B95A-4BBD-AEA7-A1D5EE0BEB15} = {B794CC5C-DC92-4FFE-89DD-1DFEBBBC435B}
		{00E97DC9-60A9-4F86-A5AC-EF70B2501EA3} = {B794CC5C-DC92-4FFE-89DD-1DFEBBBC435B}
		{C0A60EE1-F5D2-45B6-B50A-0007AD7CE525} = {DE4E847F-5202-4ECE-9986-ED7E8406A0FF}
	EndGlobalSection
	GlobalSection(SolutionProperties) = preSolution
		HideSolutionNode = FALSE
	EndGlobalSection
EndGlobal
